
Microsoft Visual Studio Solution File, Format Version 12.00
# Visual Studio Version 17
VisualStudioVersion = 17.7.34024.191
MinimumVisualStudioVersion = 10.0.40219.1
Project("{FAE04EC0-301F-11D3-BF4B-00C04F79EFBC}") = "MovingPic", "MovingPic\MovingPic.csproj", "{B8C13571-97C0-4820-9652-F80A3B6B7055}"
EndProject
Global
	GlobalSection(SolutionConfigurationPlatforms) = preSolution
		Debug|Any CPU = Debug|Any CPU
		Release|Any CPU = Release|Any CPU
	EndGlobalSection
	GlobalSection(ProjectConfigurationPlatforms) = postSolution
		{B8C13571-97C0-4820-9652-F80A3B6B7055}.Debug|Any CPU.ActiveCfg = Debug|Any CPU
		{B8C13571-97C0-4820-9652-F80A3B6B7055}.Debug|Any CPU.Build.0 = Debug|Any CPU
		{B8C13571-97C0-4820-9652-F80A3B6B7055}.Release|Any CPU.ActiveCfg = Release|Any CPU
		{B8C13571-97C0-4820-9652-F80A3B6B7055}.Release|Any CPU.Build.0 = Release|Any CPU
	EndGlobalSection
	GlobalSection(SolutionProperties) = preSolution
		HideSolutionNode = FALSE
	EndGlobalSection
	GlobalSection(ExtensibilityGlobals) = postSolution
		SolutionGuid = {04452ED3-0FED-410E-B056-F129B674AB32}
	EndGlobalSection
EndGlobal
